{
  "name": "financial-stock-predictor",
  "version": "1.0.0",
  "lockfileVersion": 3,
  "requires": true,
  "packages": {
    "": {
      "name": "financial-stock-predictor",
      "version": "1.0.0",
      "license": "ISC",
      "devDependencies": {
        "@gradio/client": "^2.0.0"
      }
    },
    "node_modules/@gradio/client": {
      "version": "2.0.0",
      "resolved": "https://registry.npmjs.org/@gradio/client/-/client-2.0.0.tgz",
      "integrity": "sha512-AYy0/0nbN3xrjquQ1ScqZp9RHkw2mlg9+zsimYC1yxOW+TpKVpweUvKcuL0QLsf/Dq7zsYJfFxM8CRf9qaKC0w==",
      "dev": true,
      "dependencies": {
        "fetch-event-stream": "^0.1.5"
      },
      "engines": {
        "node": ">=18.0.0"
      }
    },
    "node_modules/fetch-event-stream": {
      "version": "0.1.6",
      "resolved": "https://registry.npmjs.org/fetch-event-stream/-/fetch-event-stream-0.1.6.tgz",
      "integrity": "sha512-GREtJ5HNikdU2AXtZ6E/5bk+aslMU6ie5mPG6H9nvsdDkkHQ6m5lHwmmmDTOBexok9hApQ7EprsXCdmz9ZC68w==",
      "dev": true
    }
  }
}
